{
    "_readme": [
        "This file locks the dependencies of your project to a known state",
        "Read more about it at https://getcomposer.org/doc/01-basic-usage.md#composer-lock-the-lock-file",
        "This file is @generated automatically"
    ],
    "hash": "e6f9219edb76b2b842ef3ecc5dac1ede",
    "content-hash": "78863e1749f09f6ddddd895f63210702",
    "packages": [
        {
            "name": "austinb/gameq",
            "version": "v3.0.6",
            "source": {
                "type": "git",
                "url": "https://github.com/Austinb/GameQ.git",
                "reference": "41a5d6862af753aec7bce006c4657d36bdf5fe1d"
            },
            "dist": {
                "type": "zip",
                "url": "https://api.github.com/repos/Austinb/GameQ/zipball/41a5d6862af753aec7bce006c4657d36bdf5fe1d",
                "reference": "41a5d6862af753aec7bce006c4657d36bdf5fe1d",
                "shasum": ""
            },
            "require": {
                "ext-bz2": "*",
                "ext-xml": "*",
                "php": ">=5.4.14"
            },
            "require-dev": {
                "corneltek/getoptionkit": "~2",
                "ext-curl": "*",
                "phpmd/phpmd": "@stable",
                "phpunit/php-invoker": "*",
                "phpunit/phpunit": "@stable",
                "satooshi/php-coveralls": "~1.0",
                "squizlabs/php_codesniffer": "2.*@stable"
            },
            "type": "library",
            "autoload": {
                "psr-4": {
                    "GameQ\\": "src/GameQ/"
                }
            },
            "notification-url": "https://packagist.org/downloads/",
            "license": [
                "LGPL-3.0+"
            ],
            "authors": [
                {
                    "name": "Christoph Kretzschmar",
                    "email": "blackskyliner@googlemail.com",
                    "homepage": "https://github.com/Blackskyliner",
                    "role": "Developer"
                },
                {
                    "name": "Austin Bischoff",
                    "email": "austin.bischoff@gmail.com",
                    "homepage": "https://github.com/Austinb",
                    "role": "Packagist/Composer Maintainer, Developer"
                },
                {
                    "name": "Alexander Hambalgo",
                    "homepage": "http://balgo.users.sourceforge.net/",
                    "role": "Developer"
                },
                {
                    "name": "Holger",
                    "homepage": "http://icet33.users.sourceforge.net/",
                    "role": "Developer"
                },
                {
                    "name": "Sebastian Weidenbach",
                    "homepage": "http://sebastianwe.users.sourceforge.net/",
                    "role": "Developer"
                },
                {
                    "name": "Marcel Bößendörfer",
                    "email": "m.boessendoerfer@marbis.net",
                    "homepage": "https://github.com/nitrado",
                    "role": "Developer"
                }
            ],
            "description": "GameQ Gameserver Library",
            "keywords": [
                "gameq",
                "serverstatus"
            ],
            "time": "2016-03-10 21:42:42"
        }
    ],
    "packages-dev": [],
    "aliases": [],
    "minimum-stability": "stable",
    "stability-flags": [],
    "prefer-stable": false,
    "prefer-lowest": false,
    "platform": {
        "php": ">=5.3.3"
    },
    "platform-dev": []
}
